// !$*UTF8*$!
{
	archiveVersion = 1;
	classes = {
	};
	objectVersion = 51;
	objects = {

/* Begin PBXBuildFile section */
		681F85A726AD9FF400F72B7B /* KJNetworkingRequest+KJCertificate.m in Sources */ = {isa = PBXBuildFile; fileRef = 681F85A626AD9FF400F72B7B /* KJNetworkingRequest+KJCertificate.m */; };
		681F85B726ADA3BB00F72B7B /* KJNetworkCertificatePluginTests.m in Sources */ = {isa = PBXBuildFile; fileRef = 681F85B626ADA3BB00F72B7B /* KJNetworkCertificatePluginTests.m */; };
		6839508326AF05E40037791A /* KJNetworkBatchManager.m in Sources */ = {isa = PBXBuildFile; fileRef = 6839508226AF05E40037791A /* KJNetworkBatchManager.m */; };
		6839508F26AF07AB0037791A /* KJBatchConfiguration.m in Sources */ = {isa = PBXBuildFile; fileRef = 6839508E26AF07AB0037791A /* KJBatchConfiguration.m */; };
		6839509C26AF0E160037791A /* KJNetworkChainManager.m in Sources */ = {isa = PBXBuildFile; fileRef = 6839509B26AF0E160037791A /* KJNetworkChainManager.m */; };
		683E825326BAE22F00ED0F36 /* KJNetworkThiefPluginTests.m in Sources */ = {isa = PBXBuildFile; fileRef = 683E825226BAE22F00ED0F36 /* KJNetworkThiefPluginTests.m */; };
		683F923326B98A4900BC3DAF /* KJNetworkBatchTests.m in Sources */ = {isa = PBXBuildFile; fileRef = 683F923226B98A4900BC3DAF /* KJNetworkBatchTests.m */; };
		683F923926B98A5A00BC3DAF /* KJNetworkChainTests.m in Sources */ = {isa = PBXBuildFile; fileRef = 683F923826B98A5A00BC3DAF /* KJNetworkChainTests.m */; };
		683F923F26B9965A00BC3DAF /* README.md in Resources */ = {isa = PBXBuildFile; fileRef = 683F923E26B9965A00BC3DAF /* README.md */; };
		6852F43126DCF814004777F5 /* KJNetworkManagerTests.m in Sources */ = {isa = PBXBuildFile; fileRef = 6852F43026DCF814004777F5 /* KJNetworkManagerTests.m */; };
		6870CDE926AD50FE00960EAE /* KJNetworkingRequest.m in Sources */ = {isa = PBXBuildFile; fileRef = 6870CDE826AD50FE00960EAE /* KJNetworkingRequest.m */; };
		6870CDEF26AD51A500960EAE /* KJNetworkBasePlugin.m in Sources */ = {isa = PBXBuildFile; fileRef = 6870CDEE26AD51A500960EAE /* KJNetworkBasePlugin.m */; };
		6870CDF526AD51BE00960EAE /* KJNetworkPluginManager.m in Sources */ = {isa = PBXBuildFile; fileRef = 6870CDF426AD51BE00960EAE /* KJNetworkPluginManager.m */; };
		6870CDFB26AD51D200960EAE /* KJNetworkingResponse.m in Sources */ = {isa = PBXBuildFile; fileRef = 6870CDF926AD51D200960EAE /* KJNetworkingResponse.m */; };
		6870CE0426AD521B00960EAE /* KJNetworkThiefPlugin.m in Sources */ = {isa = PBXBuildFile; fileRef = 6870CE0326AD521A00960EAE /* KJNetworkThiefPlugin.m */; };
		6870CE0B26AD5B8000960EAE /* KJNetworkCertificatePlugin.m in Sources */ = {isa = PBXBuildFile; fileRef = 6870CE0A26AD5B8000960EAE /* KJNetworkCertificatePlugin.m */; };
		6870CE1226AD672E00960EAE /* KJNetworkCachePlugin.m in Sources */ = {isa = PBXBuildFile; fileRef = 6870CE1126AD672E00960EAE /* KJNetworkCachePlugin.m */; };
		6870CE3826AD6EB000960EAE /* KJNetworkAnslysisPlugin.m in Sources */ = {isa = PBXBuildFile; fileRef = 6870CE3726AD6EB000960EAE /* KJNetworkAnslysisPlugin.m */; };
		6870CE5826AD9C1E00960EAE /* KJAnslysisModel.m in Sources */ = {isa = PBXBuildFile; fileRef = 6870CE5626AD9C1D00960EAE /* KJAnslysisModel.m */; };
		6870CE5D26AD9C4900960EAE /* KJNetworkAnslysisPluginTests.m in Sources */ = {isa = PBXBuildFile; fileRef = 6870CE5C26AD9C4900960EAE /* KJNetworkAnslysisPluginTests.m */; };
		6872D60C26AC66BE00A6FD3C /* KJBaseNetworking.m in Sources */ = {isa = PBXBuildFile; fileRef = 6872D60A26AC66BE00A6FD3C /* KJBaseNetworking.m */; };
		6881435826AD463400601C9E /* KJNetworkPlugin.podspec in Resources */ = {isa = PBXBuildFile; fileRef = 6881435726AD463400601C9E /* KJNetworkPlugin.podspec */; };
		688E7A4C26AC401100C53AAD /* AppDelegate.m in Sources */ = {isa = PBXBuildFile; fileRef = 688E7A4B26AC401100C53AAD /* AppDelegate.m */; };
		688E7A4F26AC401100C53AAD /* SceneDelegate.m in Sources */ = {isa = PBXBuildFile; fileRef = 688E7A4E26AC401100C53AAD /* SceneDelegate.m */; };
		688E7A5226AC401100C53AAD /* ViewController.m in Sources */ = {isa = PBXBuildFile; fileRef = 688E7A5126AC401100C53AAD /* ViewController.m */; };
		688E7A5526AC401100C53AAD /* Main.storyboard in Resources */ = {isa = PBXBuildFile; fileRef = 688E7A5326AC401100C53AAD /* Main.storyboard */; };
		688E7A5726AC401300C53AAD /* Assets.xcassets in Resources */ = {isa = PBXBuildFile; fileRef = 688E7A5626AC401300C53AAD /* Assets.xcassets */; };
		688E7A5A26AC401300C53AAD /* LaunchScreen.storyboard in Resources */ = {isa = PBXBuildFile; fileRef = 688E7A5826AC401300C53AAD /* LaunchScreen.storyboard */; };
		688E7A5D26AC401300C53AAD /* main.m in Sources */ = {isa = PBXBuildFile; fileRef = 688E7A5C26AC401300C53AAD /* main.m */; };
		688E7A6726AC401300C53AAD /* KJNetworkPluginTests.m in Sources */ = {isa = PBXBuildFile; fileRef = 688E7A6626AC401300C53AAD /* KJNetworkPluginTests.m */; };
		68BA07F326DB7BF000996B00 /* KJNetworkManager.m in Sources */ = {isa = PBXBuildFile; fileRef = 68BA07F226DB7BF000996B00 /* KJNetworkManager.m */; };
		68BA07FA26DB7C4200996B00 /* KJNetworkConfiguration.m in Sources */ = {isa = PBXBuildFile; fileRef = 68BA07F926DB7C4200996B00 /* KJNetworkConfiguration.m */; };
		68E9CE9426B03CD50087228F /* KJNetworkLoadingPlugin.m in Sources */ = {isa = PBXBuildFile; fileRef = 68E9CE9326B03CD50087228F /* KJNetworkLoadingPlugin.m */; };
		C92503FD26C9FCDC008287D6 /* KJNetworkOtherTests.m in Sources */ = {isa = PBXBuildFile; fileRef = C92503FC26C9FCDC008287D6 /* KJNetworkOtherTests.m */; };
		C96224D426EEE7FF005884BF /* KJChainChannelApi.m in Sources */ = {isa = PBXBuildFile; fileRef = C96224D326EEE7FF005884BF /* KJChainChannelApi.m */; };
		C987147026DE42CD00A07553 /* KJNetworkCapturePluginTests.m in Sources */ = {isa = PBXBuildFile; fileRef = C987146F26DE42CD00A07553 /* KJNetworkCapturePluginTests.m */; };
		C9E75DAA26DDD77500081273 /* KJNetworkCapturePlugin.m in Sources */ = {isa = PBXBuildFile; fileRef = C9E75DA926DDD77500081273 /* KJNetworkCapturePlugin.m */; };
		C9E75DAD26DDDE9C00081273 /* KJCaptureResponse.m in Sources */ = {isa = PBXBuildFile; fileRef = C9E75DAC26DDDE9C00081273 /* KJCaptureResponse.m */; };
		EB76A4BE8818E3E4411CAEAE /* Pods_KJNetworkPlugin.framework in Frameworks */ = {isa = PBXBuildFile; fileRef = 52AA47A9F473C02A3856AEDE /* Pods_KJNetworkPlugin.framework */; };
		F5FB64F839F90E412BAC5F84 /* Pods_KJNetworkPluginTests.framework in Frameworks */ = {isa = PBXBuildFile; fileRef = 8431717BA28A692FC4CDEF20 /* Pods_KJNetworkPluginTests.framework */; };
/* End PBXBuildFile section */

/* Begin PBXContainerItemProxy section */
		688E7A6326AC401300C53AAD /* PBXContainerItemProxy */ = {
			isa = PBXContainerItemProxy;
			containerPortal = 688E7A3F26AC401100C53AAD /* Project object */;
			proxyType = 1;
			remoteGlobalIDString = 688E7A4626AC401100C53AAD;
			remoteInfo = KJNetworkPlugin;
		};
/* End PBXContainerItemProxy section */

/* Begin PBXFileReference section */
		2B02037ECC58E7B6B727E0E5 /* Pods-KJNetworkPlugin.debug.xcconfig */ = {isa = PBXFileReference; includeInIndex = 1; lastKnownFileType = text.xcconfig; name = "Pods-KJNetworkPlugin.debug.xcconfig"; path = "Target Support Files/Pods-KJNetworkPlugin/Pods-KJNetworkPlugin.debug.xcconfig"; sourceTree = "<group>"; };
		39DA7BB0C940C3F9E0468CDD /* Pods-KJNetworkPlugin.release.xcconfig */ = {isa = PBXFileReference; includeInIndex = 1; lastKnownFileType = text.xcconfig; name = "Pods-KJNetworkPlugin.release.xcconfig"; path = "Target Support Files/Pods-KJNetworkPlugin/Pods-KJNetworkPlugin.release.xcconfig"; sourceTree = "<group>"; };
		52AA47A9F473C02A3856AEDE /* Pods_KJNetworkPlugin.framework */ = {isa = PBXFileReference; explicitFileType = wrapper.framework; includeInIndex = 0; path = Pods_KJNetworkPlugin.framework; sourceTree = BUILT_PRODUCTS_DIR; };
		681F85A526AD9FF400F72B7B /* KJNetworkingRequest+KJCertificate.h */ = {isa = PBXFileReference; lastKnownFileType = sourcecode.c.h; path = "KJNetworkingRequest+KJCertificate.h"; sourceTree = "<group>"; };
		681F85A626AD9FF400F72B7B /* KJNetworkingRequest+KJCertificate.m */ = {isa = PBXFileReference; lastKnownFileType = sourcecode.c.objc; path = "KJNetworkingRequest+KJCertificate.m"; sourceTree = "<group>"; };
		681F85B626ADA3BB00F72B7B /* KJNetworkCertificatePluginTests.m */ = {isa = PBXFileReference; lastKnownFileType = sourcecode.c.objc; path = KJNetworkCertificatePluginTests.m; sourceTree = "<group>"; };
		6839508126AF05E40037791A /* KJNetworkBatchManager.h */ = {isa = PBXFileReference; lastKnownFileType = sourcecode.c.h; path = KJNetworkBatchManager.h; sourceTree = "<group>"; };
		6839508226AF05E40037791A /* KJNetworkBatchManager.m */ = {isa = PBXFileReference; lastKnownFileType = sourcecode.c.objc; path = KJNetworkBatchManager.m; sourceTree = "<group>"; };
		6839508D26AF07AB0037791A /* KJBatchConfiguration.h */ = {isa = PBXFileReference; lastKnownFileType = sourcecode.c.h; path = KJBatchConfiguration.h; sourceTree = "<group>"; };
		6839508E26AF07AB0037791A /* KJBatchConfiguration.m */ = {isa = PBXFileReference; lastKnownFileType = sourcecode.c.objc; path = KJBatchConfiguration.m; sourceTree = "<group>"; };
		6839509A26AF0E160037791A /* KJNetworkChainManager.h */ = {isa = PBXFileReference; lastKnownFileType = sourcecode.c.h; path = KJNetworkChainManager.h; sourceTree = "<group>"; };
		6839509B26AF0E160037791A /* KJNetworkChainManager.m */ = {isa = PBXFileReference; lastKnownFileType = sourcecode.c.objc; path = KJNetworkChainManager.m; sourceTree = "<group>"; };
		683E825226BAE22F00ED0F36 /* KJNetworkThiefPluginTests.m */ = {isa = PBXFileReference; lastKnownFileType = sourcecode.c.objc; path = KJNetworkThiefPluginTests.m; sourceTree = "<group>"; };
		683F923226B98A4900BC3DAF /* KJNetworkBatchTests.m */ = {isa = PBXFileReference; lastKnownFileType = sourcecode.c.objc; path = KJNetworkBatchTests.m; sourceTree = "<group>"; };
		683F923826B98A5A00BC3DAF /* KJNetworkChainTests.m */ = {isa = PBXFileReference; lastKnownFileType = sourcecode.c.objc; path = KJNetworkChainTests.m; sourceTree = "<group>"; };
		683F923E26B9965A00BC3DAF /* README.md */ = {isa = PBXFileReference; fileEncoding = 4; lastKnownFileType = net.daringfireball.markdown; path = README.md; sourceTree = SOURCE_ROOT; };
		6852F43026DCF814004777F5 /* KJNetworkManagerTests.m */ = {isa = PBXFileReference; lastKnownFileType = sourcecode.c.objc; path = KJNetworkManagerTests.m; sourceTree = "<group>"; };
		6870CDE626AD50AB00960EAE /* KJNetworkingType.h */ = {isa = PBXFileReference; fileEncoding = 4; lastKnownFileType = sourcecode.c.h; path = KJNetworkingType.h; sourceTree = "<group>"; };
		6870CDE726AD50FE00960EAE /* KJNetworkingRequest.h */ = {isa = PBXFileReference; fileEncoding = 4; lastKnownFileType = sourcecode.c.h; path = KJNetworkingRequest.h; sourceTree = "<group>"; };
		6870CDE826AD50FE00960EAE /* KJNetworkingRequest.m */ = {isa = PBXFileReference; fileEncoding = 4; lastKnownFileType = sourcecode.c.objc; path = KJNetworkingRequest.m; sourceTree = "<group>"; };
		6870CDED26AD51A500960EAE /* KJNetworkBasePlugin.h */ = {isa = PBXFileReference; fileEncoding = 4; lastKnownFileType = sourcecode.c.h; path = KJNetworkBasePlugin.h; sourceTree = "<group>"; };
		6870CDEE26AD51A500960EAE /* KJNetworkBasePlugin.m */ = {isa = PBXFileReference; fileEncoding = 4; lastKnownFileType = sourcecode.c.objc; path = KJNetworkBasePlugin.m; sourceTree = "<group>"; };
		6870CDF326AD51BE00960EAE /* KJNetworkPluginManager.h */ = {isa = PBXFileReference; fileEncoding = 4; lastKnownFileType = sourcecode.c.h; path = KJNetworkPluginManager.h; sourceTree = "<group>"; };
		6870CDF426AD51BE00960EAE /* KJNetworkPluginManager.m */ = {isa = PBXFileReference; fileEncoding = 4; lastKnownFileType = sourcecode.c.objc; path = KJNetworkPluginManager.m; sourceTree = "<group>"; };
		6870CDF926AD51D200960EAE /* KJNetworkingResponse.m */ = {isa = PBXFileReference; fileEncoding = 4; lastKnownFileType = sourcecode.c.objc; path = KJNetworkingResponse.m; sourceTree = "<group>"; };
		6870CDFA26AD51D200960EAE /* KJNetworkingResponse.h */ = {isa = PBXFileReference; fileEncoding = 4; lastKnownFileType = sourcecode.c.h; path = KJNetworkingResponse.h; sourceTree = "<group>"; };
		6870CDFF26AD51DC00960EAE /* KJNetworkingDelegate.h */ = {isa = PBXFileReference; lastKnownFileType = sourcecode.c.h; path = KJNetworkingDelegate.h; sourceTree = "<group>"; };
		6870CE0226AD521A00960EAE /* KJNetworkThiefPlugin.h */ = {isa = PBXFileReference; fileEncoding = 4; lastKnownFileType = sourcecode.c.h; path = KJNetworkThiefPlugin.h; sourceTree = "<group>"; };
		6870CE0326AD521A00960EAE /* KJNetworkThiefPlugin.m */ = {isa = PBXFileReference; fileEncoding = 4; lastKnownFileType = sourcecode.c.objc; path = KJNetworkThiefPlugin.m; sourceTree = "<group>"; };
		6870CE0926AD5B8000960EAE /* KJNetworkCertificatePlugin.h */ = {isa = PBXFileReference; fileEncoding = 4; lastKnownFileType = sourcecode.c.h; path = KJNetworkCertificatePlugin.h; sourceTree = "<group>"; };
		6870CE0A26AD5B8000960EAE /* KJNetworkCertificatePlugin.m */ = {isa = PBXFileReference; fileEncoding = 4; lastKnownFileType = sourcecode.c.objc; path = KJNetworkCertificatePlugin.m; sourceTree = "<group>"; };
		6870CE1026AD672E00960EAE /* KJNetworkCachePlugin.h */ = {isa = PBXFileReference; fileEncoding = 4; lastKnownFileType = sourcecode.c.h; path = KJNetworkCachePlugin.h; sourceTree = "<group>"; };
		6870CE1126AD672E00960EAE /* KJNetworkCachePlugin.m */ = {isa = PBXFileReference; fileEncoding = 4; lastKnownFileType = sourcecode.c.objc; path = KJNetworkCachePlugin.m; sourceTree = "<group>"; };
		6870CE3626AD6EB000960EAE /* KJNetworkAnslysisPlugin.h */ = {isa = PBXFileReference; fileEncoding = 4; lastKnownFileType = sourcecode.c.h; path = KJNetworkAnslysisPlugin.h; sourceTree = "<group>"; };
		6870CE3726AD6EB000960EAE /* KJNetworkAnslysisPlugin.m */ = {isa = PBXFileReference; fileEncoding = 4; lastKnownFileType = sourcecode.c.objc; path = KJNetworkAnslysisPlugin.m; sourceTree = "<group>"; };
		6870CE5626AD9C1D00960EAE /* KJAnslysisModel.m */ = {isa = PBXFileReference; fileEncoding = 4; lastKnownFileType = sourcecode.c.objc; path = KJAnslysisModel.m; sourceTree = "<group>"; };
		6870CE5726AD9C1D00960EAE /* KJAnslysisModel.h */ = {isa = PBXFileReference; fileEncoding = 4; lastKnownFileType = sourcecode.c.h; path = KJAnslysisModel.h; sourceTree = "<group>"; };
		6870CE5C26AD9C4900960EAE /* KJNetworkAnslysisPluginTests.m */ = {isa = PBXFileReference; lastKnownFileType = sourcecode.c.objc; path = KJNetworkAnslysisPluginTests.m; sourceTree = "<group>"; };
		6872D60A26AC66BE00A6FD3C /* KJBaseNetworking.m */ = {isa = PBXFileReference; fileEncoding = 4; lastKnownFileType = sourcecode.c.objc; path = KJBaseNetworking.m; sourceTree = "<group>"; };
		6872D60B26AC66BE00A6FD3C /* KJBaseNetworking.h */ = {isa = PBXFileReference; fileEncoding = 4; lastKnownFileType = sourcecode.c.h; path = KJBaseNetworking.h; sourceTree = "<group>"; };
		6881435726AD463400601C9E /* KJNetworkPlugin.podspec */ = {isa = PBXFileReference; lastKnownFileType = text; path = KJNetworkPlugin.podspec; sourceTree = SOURCE_ROOT; };
		688E7A4726AC401100C53AAD /* KJNetworkPlugin.app */ = {isa = PBXFileReference; explicitFileType = wrapper.application; includeInIndex = 0; path = KJNetworkPlugin.app; sourceTree = BUILT_PRODUCTS_DIR; };
		688E7A4A26AC401100C53AAD /* AppDelegate.h */ = {isa = PBXFileReference; lastKnownFileType = sourcecode.c.h; path = AppDelegate.h; sourceTree = "<group>"; };
		688E7A4B26AC401100C53AAD /* AppDelegate.m */ = {isa = PBXFileReference; lastKnownFileType = sourcecode.c.objc; path = AppDelegate.m; sourceTree = "<group>"; };
		688E7A4D26AC401100C53AAD /* SceneDelegate.h */ = {isa = PBXFileReference; lastKnownFileType = sourcecode.c.h; path = SceneDelegate.h; sourceTree = "<group>"; };
		688E7A4E26AC401100C53AAD /* SceneDelegate.m */ = {isa = PBXFileReference; lastKnownFileType = sourcecode.c.objc; path = SceneDelegate.m; sourceTree = "<group>"; };
		688E7A5026AC401100C53AAD /* ViewController.h */ = {isa = PBXFileReference; lastKnownFileType = sourcecode.c.h; path = ViewController.h; sourceTree = "<group>"; };
		688E7A5126AC401100C53AAD /* ViewController.m */ = {isa = PBXFileReference; lastKnownFileType = sourcecode.c.objc; path = ViewController.m; sourceTree = "<group>"; };
		688E7A5426AC401100C53AAD /* Base */ = {isa = PBXFileReference; lastKnownFileType = file.storyboard; name = Base; path = Base.lproj/Main.storyboard; sourceTree = "<group>"; };
		688E7A5626AC401300C53AAD /* Assets.xcassets */ = {isa = PBXFileReference; lastKnownFileType = folder.assetcatalog; path = Assets.xcassets; sourceTree = "<group>"; };
		688E7A5926AC401300C53AAD /* Base */ = {isa = PBXFileReference; lastKnownFileType = file.storyboard; name = Base; path = Base.lproj/LaunchScreen.storyboard; sourceTree = "<group>"; };
		688E7A5B26AC401300C53AAD /* Info.plist */ = {isa = PBXFileReference; lastKnownFileType = text.plist.xml; path = Info.plist; sourceTree = "<group>"; };
		688E7A5C26AC401300C53AAD /* main.m */ = {isa = PBXFileReference; lastKnownFileType = sourcecode.c.objc; path = main.m; sourceTree = "<group>"; };
		688E7A6226AC401300C53AAD /* KJNetworkPluginTests.xctest */ = {isa = PBXFileReference; explicitFileType = wrapper.cfbundle; includeInIndex = 0; path = KJNetworkPluginTests.xctest; sourceTree = BUILT_PRODUCTS_DIR; };
		688E7A6626AC401300C53AAD /* KJNetworkPluginTests.m */ = {isa = PBXFileReference; lastKnownFileType = sourcecode.c.objc; path = KJNetworkPluginTests.m; sourceTree = "<group>"; };
		688E7A6826AC401300C53AAD /* Info.plist */ = {isa = PBXFileReference; lastKnownFileType = text.plist.xml; path = Info.plist; sourceTree = "<group>"; };
		68BA07F126DB7BF000996B00 /* KJNetworkManager.h */ = {isa = PBXFileReference; lastKnownFileType = sourcecode.c.h; path = KJNetworkManager.h; sourceTree = "<group>"; };
		68BA07F226DB7BF000996B00 /* KJNetworkManager.m */ = {isa = PBXFileReference; lastKnownFileType = sourcecode.c.objc; path = KJNetworkManager.m; sourceTree = "<group>"; };
		68BA07F826DB7C4200996B00 /* KJNetworkConfiguration.h */ = {isa = PBXFileReference; lastKnownFileType = sourcecode.c.h; path = KJNetworkConfiguration.h; sourceTree = "<group>"; };
		68BA07F926DB7C4200996B00 /* KJNetworkConfiguration.m */ = {isa = PBXFileReference; lastKnownFileType = sourcecode.c.objc; path = KJNetworkConfiguration.m; sourceTree = "<group>"; };
		68E9CE9226B03CD50087228F /* KJNetworkLoadingPlugin.h */ = {isa = PBXFileReference; lastKnownFileType = sourcecode.c.h; path = KJNetworkLoadingPlugin.h; sourceTree = "<group>"; };
		68E9CE9326B03CD50087228F /* KJNetworkLoadingPlugin.m */ = {isa = PBXFileReference; lastKnownFileType = sourcecode.c.objc; path = KJNetworkLoadingPlugin.m; sourceTree = "<group>"; };
		8431717BA28A692FC4CDEF20 /* Pods_KJNetworkPluginTests.framework */ = {isa = PBXFileReference; explicitFileType = wrapper.framework; includeInIndex = 0; path = Pods_KJNetworkPluginTests.framework; sourceTree = BUILT_PRODUCTS_DIR; };
		C1275CACFD3930F2E9D49032 /* Pods-KJNetworkPluginTests.debug.xcconfig */ = {isa = PBXFileReference; includeInIndex = 1; lastKnownFileType = text.xcconfig; name = "Pods-KJNetworkPluginTests.debug.xcconfig"; path = "Target Support Files/Pods-KJNetworkPluginTests/Pods-KJNetworkPluginTests.debug.xcconfig"; sourceTree = "<group>"; };
		C92503FC26C9FCDC008287D6 /* KJNetworkOtherTests.m */ = {isa = PBXFileReference; lastKnownFileType = sourcecode.c.objc; path = KJNetworkOtherTests.m; sourceTree = "<group>"; };
		C96224D226EEE7FF005884BF /* KJChainChannelApi.h */ = {isa = PBXFileReference; lastKnownFileType = sourcecode.c.h; path = KJChainChannelApi.h; sourceTree = "<group>"; };
		C96224D326EEE7FF005884BF /* KJChainChannelApi.m */ = {isa = PBXFileReference; lastKnownFileType = sourcecode.c.objc; path = KJChainChannelApi.m; sourceTree = "<group>"; };
		C987146F26DE42CD00A07553 /* KJNetworkCapturePluginTests.m */ = {isa = PBXFileReference; lastKnownFileType = sourcecode.c.objc; path = KJNetworkCapturePluginTests.m; sourceTree = "<group>"; };
		C9E75DA826DDD77500081273 /* KJNetworkCapturePlugin.h */ = {isa = PBXFileReference; lastKnownFileType = sourcecode.c.h; path = KJNetworkCapturePlugin.h; sourceTree = "<group>"; };
		C9E75DA926DDD77500081273 /* KJNetworkCapturePlugin.m */ = {isa = PBXFileReference; lastKnownFileType = sourcecode.c.objc; path = KJNetworkCapturePlugin.m; sourceTree = "<group>"; };
		C9E75DAB26DDDE9C00081273 /* KJCaptureResponse.h */ = {isa = PBXFileReference; lastKnownFileType = sourcecode.c.h; path = KJCaptureResponse.h; sourceTree = "<group>"; };
		C9E75DAC26DDDE9C00081273 /* KJCaptureResponse.m */ = {isa = PBXFileReference; lastKnownFileType = sourcecode.c.objc; path = KJCaptureResponse.m; sourceTree = "<group>"; };
		F6D1F7AA19B7E043B3F542AD /* Pods-KJNetworkPluginTests.release.xcconfig */ = {isa = PBXFileReference; includeInIndex = 1; lastKnownFileType = text.xcconfig; name = "Pods-KJNetworkPluginTests.release.xcconfig"; path = "Target Support Files/Pods-KJNetworkPluginTests/Pods-KJNetworkPluginTests.release.xcconfig"; sourceTree = "<group>"; };
/* End PBXFileReference section */

/* Begin PBXFrameworksBuildPhase section */
		688E7A4426AC401100C53AAD /* Frameworks */ = {
			isa = PBXFrameworksBuildPhase;
			buildActionMask = 2147483647;
			files = (
				EB76A4BE8818E3E4411CAEAE /* Pods_KJNetworkPlugin.framework in Frameworks */,
			);
			runOnlyForDeploymentPostprocessing = 0;
		};
		688E7A5F26AC401300C53AAD /* Frameworks */ = {
			isa = PBXFrameworksBuildPhase;
			buildActionMask = 2147483647;
			files = (
				F5FB64F839F90E412BAC5F84 /* Pods_KJNetworkPluginTests.framework in Frameworks */,
			);
			runOnlyForDeploymentPostprocessing = 0;
		};
/* End PBXFrameworksBuildPhase section */

/* Begin PBXGroup section */
		6832C4D726D6987000A83F9F /* Manager */ = {
			isa = PBXGroup;
			children = (
				68BA07F826DB7C4200996B00 /* KJNetworkConfiguration.h */,
				68BA07F926DB7C4200996B00 /* KJNetworkConfiguration.m */,
				68BA07F126DB7BF000996B00 /* KJNetworkManager.h */,
				68BA07F226DB7BF000996B00 /* KJNetworkManager.m */,
			);
			path = Manager;
			sourceTree = "<group>";
		};
		6839507726AF05710037791A /* Batch */ = {
			isa = PBXGroup;
			children = (
				6839508D26AF07AB0037791A /* KJBatchConfiguration.h */,
				6839508E26AF07AB0037791A /* KJBatchConfiguration.m */,
				6839508126AF05E40037791A /* KJNetworkBatchManager.h */,
				6839508226AF05E40037791A /* KJNetworkBatchManager.m */,
			);
			path = Batch;
			sourceTree = "<group>";
		};
		6839509926AF0DD90037791A /* Chain */ = {
			isa = PBXGroup;
			children = (
				6839509A26AF0E160037791A /* KJNetworkChainManager.h */,
				6839509B26AF0E160037791A /* KJNetworkChainManager.m */,
			);
			path = Chain;
			sourceTree = "<group>";
		};
		6852B32926FED428007A94C6 /* Base */ = {
			isa = PBXGroup;
			children = (
				6870CDED26AD51A500960EAE /* KJNetworkBasePlugin.h */,
				6870CDEE26AD51A500960EAE /* KJNetworkBasePlugin.m */,
			);
			path = Base;
			sourceTree = "<group>";
		};
		6870CE0026AD521A00960EAE /* Plugins */ = {
			isa = PBXGroup;
			children = (
				6870CE3526AD6EB000960EAE /* Anslysis */,
				6852B32926FED428007A94C6 /* Base */,
				6870CE0F26AD672E00960EAE /* Cache */,
				C9E75DA726DDD5BB00081273 /* Capture */,
				6870CE0826AD5B8000960EAE /* Certificate */,
				68E9CE9126B03CAA0087228F /* Loading */,
				6870CE0126AD521A00960EAE /* Thief */,
			);
			path = Plugins;
			sourceTree = "<group>";
		};
		6870CE0126AD521A00960EAE /* Thief */ = {
			isa = PBXGroup;
			children = (
				6870CE0226AD521A00960EAE /* KJNetworkThiefPlugin.h */,
				6870CE0326AD521A00960EAE /* KJNetworkThiefPlugin.m */,
			);
			path = Thief;
			sourceTree = "<group>";
		};
		6870CE0826AD5B8000960EAE /* Certificate */ = {
			isa = PBXGroup;
			children = (
				6870CE0926AD5B8000960EAE /* KJNetworkCertificatePlugin.h */,
				6870CE0A26AD5B8000960EAE /* KJNetworkCertificatePlugin.m */,
				681F85A526AD9FF400F72B7B /* KJNetworkingRequest+KJCertificate.h */,
				681F85A626AD9FF400F72B7B /* KJNetworkingRequest+KJCertificate.m */,
			);
			path = Certificate;
			sourceTree = "<group>";
		};
		6870CE0F26AD672E00960EAE /* Cache */ = {
			isa = PBXGroup;
			children = (
				6870CE1026AD672E00960EAE /* KJNetworkCachePlugin.h */,
				6870CE1126AD672E00960EAE /* KJNetworkCachePlugin.m */,
			);
			path = Cache;
			sourceTree = "<group>";
		};
		6870CE3526AD6EB000960EAE /* Anslysis */ = {
			isa = PBXGroup;
			children = (
				6870CE3626AD6EB000960EAE /* KJNetworkAnslysisPlugin.h */,
				6870CE3726AD6EB000960EAE /* KJNetworkAnslysisPlugin.m */,
			);
			path = Anslysis;
			sourceTree = "<group>";
		};
		6872D60926AC66BE00A6FD3C /* Network */ = {
			isa = PBXGroup;
			children = (
				6872D60B26AC66BE00A6FD3C /* KJBaseNetworking.h */,
				6872D60A26AC66BE00A6FD3C /* KJBaseNetworking.m */,
				6870CDFF26AD51DC00960EAE /* KJNetworkingDelegate.h */,
				6870CDE726AD50FE00960EAE /* KJNetworkingRequest.h */,
				6870CDE826AD50FE00960EAE /* KJNetworkingRequest.m */,
				6870CDFA26AD51D200960EAE /* KJNetworkingResponse.h */,
				6870CDF926AD51D200960EAE /* KJNetworkingResponse.m */,
				6870CDE626AD50AB00960EAE /* KJNetworkingType.h */,
				6870CDF326AD51BE00960EAE /* KJNetworkPluginManager.h */,
				6870CDF426AD51BE00960EAE /* KJNetworkPluginManager.m */,
			);
			path = Network;
			sourceTree = "<group>";
		};
		688E7A3E26AC401100C53AAD = {
			isa = PBXGroup;
			children = (
				688E7A4926AC401100C53AAD /* KJNetworkPlugin */,
				688E7A6526AC401300C53AAD /* KJNetworkPluginTests */,
				688E7A4826AC401100C53AAD /* Products */,
				FF98C96F2589634A5B26B153 /* Pods */,
				CF7631757D9193AE5C513888 /* Frameworks */,
			);
			sourceTree = "<group>";
		};
		688E7A4826AC401100C53AAD /* Products */ = {
			isa = PBXGroup;
			children = (
				688E7A4726AC401100C53AAD /* KJNetworkPlugin.app */,
				688E7A6226AC401300C53AAD /* KJNetworkPluginTests.xctest */,
			);
			name = Products;
			sourceTree = "<group>";
		};
		688E7A4926AC401100C53AAD /* KJNetworkPlugin */ = {
			isa = PBXGroup;
			children = (
				6832C4D726D6987000A83F9F /* Manager */,
				6839509926AF0DD90037791A /* Chain */,
				6839507726AF05710037791A /* Batch */,
				6870CE0026AD521A00960EAE /* Plugins */,
				6872D60926AC66BE00A6FD3C /* Network */,
				688E7A4A26AC401100C53AAD /* AppDelegate.h */,
				688E7A4B26AC401100C53AAD /* AppDelegate.m */,
				688E7A4D26AC401100C53AAD /* SceneDelegate.h */,
				688E7A4E26AC401100C53AAD /* SceneDelegate.m */,
				6870CE5726AD9C1D00960EAE /* KJAnslysisModel.h */,
				6870CE5626AD9C1D00960EAE /* KJAnslysisModel.m */,
				C96224D226EEE7FF005884BF /* KJChainChannelApi.h */,
				C96224D326EEE7FF005884BF /* KJChainChannelApi.m */,
				688E7A5026AC401100C53AAD /* ViewController.h */,
				688E7A5126AC401100C53AAD /* ViewController.m */,
				688E7A5326AC401100C53AAD /* Main.storyboard */,
				688E7A5626AC401300C53AAD /* Assets.xcassets */,
				688E7A5826AC401300C53AAD /* LaunchScreen.storyboard */,
				688E7A5B26AC401300C53AAD /* Info.plist */,
				688E7A5C26AC401300C53AAD /* main.m */,
				6881435726AD463400601C9E /* KJNetworkPlugin.podspec */,
				683F923E26B9965A00BC3DAF /* README.md */,
			);
			path = KJNetworkPlugin;
			sourceTree = "<group>";
		};
		688E7A6526AC401300C53AAD /* KJNetworkPluginTests */ = {
			isa = PBXGroup;
			children = (
				688E7A6826AC401300C53AAD /* Info.plist */,
				6870CE5C26AD9C4900960EAE /* KJNetworkAnslysisPluginTests.m */,
				683F923226B98A4900BC3DAF /* KJNetworkBatchTests.m */,
				C987146F26DE42CD00A07553 /* KJNetworkCapturePluginTests.m */,
				681F85B626ADA3BB00F72B7B /* KJNetworkCertificatePluginTests.m */,
				683F923826B98A5A00BC3DAF /* KJNetworkChainTests.m */,
				6852F43026DCF814004777F5 /* KJNetworkManagerTests.m */,
				C92503FC26C9FCDC008287D6 /* KJNetworkOtherTests.m */,
				688E7A6626AC401300C53AAD /* KJNetworkPluginTests.m */,
				683E825226BAE22F00ED0F36 /* KJNetworkThiefPluginTests.m */,
			);
			path = KJNetworkPluginTests;
			sourceTree = "<group>";
		};
		68E9CE9126B03CAA0087228F /* Loading */ = {
			isa = PBXGroup;
			children = (
				68E9CE9226B03CD50087228F /* KJNetworkLoadingPlugin.h */,
				68E9CE9326B03CD50087228F /* KJNetworkLoadingPlugin.m */,
			);
			path = Loading;
			sourceTree = "<group>";
		};
		C9E75DA726DDD5BB00081273 /* Capture */ = {
			isa = PBXGroup;
			children = (
				C9E75DAB26DDDE9C00081273 /* KJCaptureResponse.h */,
				C9E75DAC26DDDE9C00081273 /* KJCaptureResponse.m */,
				C9E75DA826DDD77500081273 /* KJNetworkCapturePlugin.h */,
				C9E75DA926DDD77500081273 /* KJNetworkCapturePlugin.m */,
			);
			path = Capture;
			sourceTree = "<group>";
		};
		CF7631757D9193AE5C513888 /* Frameworks */ = {
			isa = PBXGroup;
			children = (
				52AA47A9F473C02A3856AEDE /* Pods_KJNetworkPlugin.framework */,
				8431717BA28A692FC4CDEF20 /* Pods_KJNetworkPluginTests.framework */,
			);
			name = Frameworks;
			sourceTree = "<group>";
		};
		FF98C96F2589634A5B26B153 /* Pods */ = {
			isa = PBXGroup;
			children = (
				2B02037ECC58E7B6B727E0E5 /* Pods-KJNetworkPlugin.debug.xcconfig */,
				39DA7BB0C940C3F9E0468CDD /* Pods-KJNetworkPlugin.release.xcconfig */,
				C1275CACFD3930F2E9D49032 /* Pods-KJNetworkPluginTests.debug.xcconfig */,
				F6D1F7AA19B7E043B3F542AD /* Pods-KJNetworkPluginTests.release.xcconfig */,
			);
			path = Pods;
			sourceTree = "<group>";
		};
/* End PBXGroup section */

/* Begin PBXNativeTarget section */
		688E7A4626AC401100C53AAD /* KJNetworkPlugin */ = {
			isa = PBXNativeTarget;
			buildConfigurationList = 688E7A7626AC401300C53AAD /* Build configuration list for PBXNativeTarget "KJNetworkPlugin" */;
			buildPhases = (
				2AEDDEC112D1628A76AA7637 /* [CP] Check Pods Manifest.lock */,
				688E7A4326AC401100C53AAD /* Sources */,
				688E7A4426AC401100C53AAD /* Frameworks */,
				688E7A4526AC401100C53AAD /* Resources */,
				65716F317A3355DC8BD7A360 /* [CP] Embed Pods Frameworks */,
			);
			buildRules = (
			);
			dependencies = (
			);
			name = KJNetworkPlugin;
			productName = KJNetworkPlugin;
			productReference = 688E7A4726AC401100C53AAD /* KJNetworkPlugin.app */;
			productType = "com.apple.product-type.application";
		};
		688E7A6126AC401300C53AAD /* KJNetworkPluginTests */ = {
			isa = PBXNativeTarget;
			buildConfigurationList = 688E7A7926AC401300C53AAD /* Build configuration list for PBXNativeTarget "KJNetworkPluginTests" */;
			buildPhases = (
				CA56DFED7A70C486395824EF /* [CP] Check Pods Manifest.lock */,
				688E7A5E26AC401300C53AAD /* Sources */,
				688E7A5F26AC401300C53AAD /* Frameworks */,
				688E7A6026AC401300C53AAD /* Resources */,
				01FCAE8C2D4A6E66952D0484 /* [CP] Embed Pods Frameworks */,
			);
			buildRules = (
			);
			dependencies = (
				688E7A6426AC401300C53AAD /* PBXTargetDependency */,
			);
			name = KJNetworkPluginTests;
			productName = KJNetworkPluginTests;
			productReference = 688E7A6226AC401300C53AAD /* KJNetworkPluginTests.xctest */;
			productType = "com.apple.product-type.bundle.unit-test";
		};
/* End PBXNativeTarget section */

/* Begin PBXProject section */
		688E7A3F26AC401100C53AAD /* Project object */ = {
			isa = PBXProject;
			attributes = {
				LastUpgradeCheck = 1240;
				TargetAttributes = {
					688E7A4626AC401100C53AAD = {
						CreatedOnToolsVersion = 12.4;
					};
					688E7A6126AC401300C53AAD = {
						CreatedOnToolsVersion = 12.4;
						TestTargetID = 688E7A4626AC401100C53AAD;
					};
				};
			};
			buildConfigurationList = 688E7A4226AC401100C53AAD /* Build configuration list for PBXProject "KJNetworkPlugin" */;
			compatibilityVersion = "Xcode 9.3";
			developmentRegion = en;
			hasScannedForEncodings = 0;
			knownRegions = (
				en,
				Base,
			);
			mainGroup = 688E7A3E26AC401100C53AAD;
			productRefGroup = 688E7A4826AC401100C53AAD /* Products */;
			projectDirPath = "";
			projectRoot = "";
			targets = (
				688E7A4626AC401100C53AAD /* KJNetworkPlugin */,
				688E7A6126AC401300C53AAD /* KJNetworkPluginTests */,
			);
		};
/* End PBXProject section */

/* Begin PBXResourcesBuildPhase section */
		688E7A4526AC401100C53AAD /* Resources */ = {
			isa = PBXResourcesBuildPhase;
			buildActionMask = 2147483647;
			files = (
				688E7A5A26AC401300C53AAD /* LaunchScreen.storyboard in Resources */,
				6881435826AD463400601C9E /* KJNetworkPlugin.podspec in Resources */,
				683F923F26B9965A00BC3DAF /* README.md in Resources */,
				688E7A5726AC401300C53AAD /* Assets.xcassets in Resources */,
				688E7A5526AC401100C53AAD /* Main.storyboard in Resources */,
			);
			runOnlyForDeploymentPostprocessing = 0;
		};
		688E7A6026AC401300C53AAD /* Resources */ = {
			isa = PBXResourcesBuildPhase;
			buildActionMask = 2147483647;
			files = (
			);
			runOnlyForDeploymentPostprocessing = 0;
		};
/* End PBXResourcesBuildPhase section */

/* Begin PBXShellScriptBuildPhase section */
		01FCAE8C2D4A6E66952D0484 /* [CP] Embed Pods Frameworks */ = {
			isa = PBXShellScriptBuildPhase;
			buildActionMask = 2147483647;
			files = (
			);
			inputFileListPaths = (
				"${PODS_ROOT}/Target Support Files/Pods-KJNetworkPluginTests/Pods-KJNetworkPluginTests-frameworks-${CONFIGURATION}-input-files.xcfilelist",
			);
			name = "[CP] Embed Pods Frameworks";
			outputFileListPaths = (
				"${PODS_ROOT}/Target Support Files/Pods-KJNetworkPluginTests/Pods-KJNetworkPluginTests-frameworks-${CONFIGURATION}-output-files.xcfilelist",
			);
			runOnlyForDeploymentPostprocessing = 0;
			shellPath = /bin/sh;
			shellScript = "\"${PODS_ROOT}/Target Support Files/Pods-KJNetworkPluginTests/Pods-KJNetworkPluginTests-frameworks.sh\"\n";
			showEnvVarsInLog = 0;
		};
		2AEDDEC112D1628A76AA7637 /* [CP] Check Pods Manifest.lock */ = {
			isa = PBXShellScriptBuildPhase;
			buildActionMask = 2147483647;
			files = (
			);
			inputFileListPaths = (
			);
			inputPaths = (
				"${PODS_PODFILE_DIR_PATH}/Podfile.lock",
				"${PODS_ROOT}/Manifest.lock",
			);
			name = "[CP] Check Pods Manifest.lock";
			outputFileListPaths = (
			);
			outputPaths = (
				"$(DERIVED_FILE_DIR)/Pods-KJNetworkPlugin-checkManifestLockResult.txt",
			);
			runOnlyForDeploymentPostprocessing = 0;
			shellPath = /bin/sh;
			shellScript = "diff \"${PODS_PODFILE_DIR_PATH}/Podfile.lock\" \"${PODS_ROOT}/Manifest.lock\" > /dev/null\nif [ $? != 0 ] ; then\n    # print error to STDERR\n    echo \"error: The sandbox is not in sync with the Podfile.lock. Run 'pod install' or update your CocoaPods installation.\" >&2\n    exit 1\nfi\n# This output is used by Xcode 'outputs' to avoid re-running this script phase.\necho \"SUCCESS\" > \"${SCRIPT_OUTPUT_FILE_0}\"\n";
			showEnvVarsInLog = 0;
		};
		65716F317A3355DC8BD7A360 /* [CP] Embed Pods Frameworks */ = {
			isa = PBXShellScriptBuildPhase;
			buildActionMask = 2147483647;
			files = (
			);
			inputFileListPaths = (
				"${PODS_ROOT}/Target Support Files/Pods-KJNetworkPlugin/Pods-KJNetworkPlugin-frameworks-${CONFIGURATION}-input-files.xcfilelist",
			);
			name = "[CP] Embed Pods Frameworks";
			outputFileListPaths = (
				"${PODS_ROOT}/Target Support Files/Pods-KJNetworkPlugin/Pods-KJNetworkPlugin-frameworks-${CONFIGURATION}-output-files.xcfilelist",
			);
			runOnlyForDeploymentPostprocessing = 0;
			shellPath = /bin/sh;
			shellScript = "\"${PODS_ROOT}/Target Support Files/Pods-KJNetworkPlugin/Pods-KJNetworkPlugin-frameworks.sh\"\n";
			showEnvVarsInLog = 0;
		};
		CA56DFED7A70C486395824EF /* [CP] Check Pods Manifest.lock */ = {
			isa = PBXShellScriptBuildPhase;
			buildActionMask = 2147483647;
			files = (
			);
			inputFileListPaths = (
			);
			inputPaths = (
				"${PODS_PODFILE_DIR_PATH}/Podfile.lock",
				"${PODS_ROOT}/Manifest.lock",
			);
			name = "[CP] Check Pods Manifest.lock";
			outputFileListPaths = (
			);
			outputPaths = (
				"$(DERIVED_FILE_DIR)/Pods-KJNetworkPluginTests-checkManifestLockResult.txt",
			);
			runOnlyForDeploymentPostprocessing = 0;
			shellPath = /bin/sh;
			shellScript = "diff \"${PODS_PODFILE_DIR_PATH}/Podfile.lock\" \"${PODS_ROOT}/Manifest.lock\" > /dev/null\nif [ $? != 0 ] ; then\n    # print error to STDERR\n    echo \"error: The sandbox is not in sync with the Podfile.lock. Run 'pod install' or update your CocoaPods installation.\" >&2\n    exit 1\nfi\n# This output is used by Xcode 'outputs' to avoid re-running this script phase.\necho \"SUCCESS\" > \"${SCRIPT_OUTPUT_FILE_0}\"\n";
			showEnvVarsInLog = 0;
		};
/* End PBXShellScriptBuildPhase section */

/* Begin PBXSourcesBuildPhase section */
		688E7A4326AC401100C53AAD /* Sources */ = {
			isa = PBXSourcesBuildPhase;
			buildActionMask = 2147483647;
			files = (
				C9E75DAD26DDDE9C00081273 /* KJCaptureResponse.m in Sources */,
				C96224D426EEE7FF005884BF /* KJChainChannelApi.m in Sources */,
				681F85A726AD9FF400F72B7B /* KJNetworkingRequest+KJCertificate.m in Sources */,
				6872D60C26AC66BE00A6FD3C /* KJBaseNetworking.m in Sources */,
				68BA07FA26DB7C4200996B00 /* KJNetworkConfiguration.m in Sources */,
				6870CDFB26AD51D200960EAE /* KJNetworkingResponse.m in Sources */,
				688E7A5226AC401100C53AAD /* ViewController.m in Sources */,
				6870CE0426AD521B00960EAE /* KJNetworkThiefPlugin.m in Sources */,
				6839509C26AF0E160037791A /* KJNetworkChainManager.m in Sources */,
				6870CE3826AD6EB000960EAE /* KJNetworkAnslysisPlugin.m in Sources */,
				C9E75DAA26DDD77500081273 /* KJNetworkCapturePlugin.m in Sources */,
				68E9CE9426B03CD50087228F /* KJNetworkLoadingPlugin.m in Sources */,
				688E7A4C26AC401100C53AAD /* AppDelegate.m in Sources */,
				6870CE0B26AD5B8000960EAE /* KJNetworkCertificatePlugin.m in Sources */,
				688E7A5D26AC401300C53AAD /* main.m in Sources */,
				6839508F26AF07AB0037791A /* KJBatchConfiguration.m in Sources */,
				6870CE5826AD9C1E00960EAE /* KJAnslysisModel.m in Sources */,
				6870CE1226AD672E00960EAE /* KJNetworkCachePlugin.m in Sources */,
				6870CDF526AD51BE00960EAE /* KJNetworkPluginManager.m in Sources */,
				68BA07F326DB7BF000996B00 /* KJNetworkManager.m in Sources */,
				6870CDE926AD50FE00960EAE /* KJNetworkingRequest.m in Sources */,
				688E7A4F26AC401100C53AAD /* SceneDelegate.m in Sources */,
				6839508326AF05E40037791A /* KJNetworkBatchManager.m in Sources */,
				6870CDEF26AD51A500960EAE /* KJNetworkBasePlugin.m in Sources */,
			);
			runOnlyForDeploymentPostprocessing = 0;
		};
		688E7A5E26AC401300C53AAD /* Sources */ = {
			isa = PBXSourcesBuildPhase;
			buildActionMask = 2147483647;
			files = (
				683F923326B98A4900BC3DAF /* KJNetworkBatchTests.m in Sources */,
				683E825326BAE22F00ED0F36 /* KJNetworkThiefPluginTests.m in Sources */,
				C92503FD26C9FCDC008287D6 /* KJNetworkOtherTests.m in Sources */,
				6870CE5D26AD9C4900960EAE /* KJNetworkAnslysisPluginTests.m in Sources */,
				681F85B726ADA3BB00F72B7B /* KJNetworkCertificatePluginTests.m in Sources */,
				C987147026DE42CD00A07553 /* KJNetworkCapturePluginTests.m in Sources */,
				683F923926B98A5A00BC3DAF /* KJNetworkChainTests.m in Sources */,
				688E7A6726AC401300C53AAD /* KJNetworkPluginTests.m in Sources */,
				6852F43126DCF814004777F5 /* KJNetworkManagerTests.m in Sources */,
			);
			runOnlyForDeploymentPostprocessing = 0;
		};
/* End PBXSourcesBuildPhase section */

/* Begin PBXTargetDependency section */
		688E7A6426AC401300C53AAD /* PBXTargetDependency */ = {
			isa = PBXTargetDependency;
			target = 688E7A4626AC401100C53AAD /* KJNetworkPlugin */;
			targetProxy = 688E7A6326AC401300C53AAD /* PBXContainerItemProxy */;
		};
/* End PBXTargetDependency section */

/* Begin PBXVariantGroup section */
		688E7A5326AC401100C53AAD /* Main.storyboard */ = {
			isa = PBXVariantGroup;
			children = (
				688E7A5426AC401100C53AAD /* Base */,
			);
			name = Main.storyboard;
			sourceTree = "<group>";
		};
		688E7A5826AC401300C53AAD /* LaunchScreen.storyboard */ = {
			isa = PBXVariantGroup;
			children = (
				688E7A5926AC401300C53AAD /* Base */,
			);
			name = LaunchScreen.storyboard;
			sourceTree = "<group>";
		};
/* End PBXVariantGroup section */

/* Begin XCBuildConfiguration section */
		688E7A7426AC401300C53AAD /* Debug */ = {
			isa = XCBuildConfiguration;
			buildSettings = {
				ALWAYS_SEARCH_USER_PATHS = NO;
				CLANG_ANALYZER_NONNULL = YES;
				CLANG_ANALYZER_NUMBER_OBJECT_CONVERSION = YES_AGGRESSIVE;
				CLANG_CXX_LANGUAGE_STANDARD = "gnu++14";
				CLANG_CXX_LIBRARY = "libc++";
				CLANG_ENABLE_MODULES = YES;
				CLANG_ENABLE_OBJC_ARC = YES;
				CLANG_ENABLE_OBJC_WEAK = YES;
				CLANG_WARN_BLOCK_CAPTURE_AUTORELEASING = YES;
				CLANG_WARN_BOOL_CONVERSION = YES;
				CLANG_WARN_COMMA = YES;
				CLANG_WARN_CONSTANT_CONVERSION = YES;
				CLANG_WARN_DEPRECATED_OBJC_IMPLEMENTATIONS = YES;
				CLANG_WARN_DIRECT_OBJC_ISA_USAGE = YES_ERROR;
				CLANG_WARN_DOCUMENTATION_COMMENTS = YES;
				CLANG_WARN_EMPTY_BODY = YES;
				CLANG_WARN_ENUM_CONVERSION = YES;
				CLANG_WARN_INFINITE_RECURSION = YES;
				CLANG_WARN_INT_CONVERSION = YES;
				CLANG_WARN_NON_LITERAL_NULL_CONVERSION = YES;
				CLANG_WARN_OBJC_IMPLICIT_RETAIN_SELF = YES;
				CLANG_WARN_OBJC_LITERAL_CONVERSION = YES;
				CLANG_WARN_OBJC_ROOT_CLASS = YES_ERROR;
				CLANG_WARN_QUOTED_INCLUDE_IN_FRAMEWORK_HEADER = YES;
				CLANG_WARN_RANGE_LOOP_ANALYSIS = YES;
				CLANG_WARN_STRICT_PROTOTYPES = YES;
				CLANG_WARN_SUSPICIOUS_MOVE = YES;
				CLANG_WARN_UNGUARDED_AVAILABILITY = YES_AGGRESSIVE;
				CLANG_WARN_UNREACHABLE_CODE = YES;
				CLANG_WARN__DUPLICATE_METHOD_MATCH = YES;
				COPY_PHASE_STRIP = NO;
				DEBUG_INFORMATION_FORMAT = dwarf;
				ENABLE_STRICT_OBJC_MSGSEND = YES;
				ENABLE_TESTABILITY = YES;
				GCC_C_LANGUAGE_STANDARD = gnu11;
				GCC_DYNAMIC_NO_PIC = NO;
				GCC_NO_COMMON_BLOCKS = YES;
				GCC_OPTIMIZATION_LEVEL = 0;
				GCC_PREPROCESSOR_DEFINITIONS = (
					"DEBUG=1",
					"$(inherited)",
				);
				GCC_WARN_64_TO_32_BIT_CONVERSION = YES;
				GCC_WARN_ABOUT_RETURN_TYPE = YES_ERROR;
				GCC_WARN_UNDECLARED_SELECTOR = YES;
				GCC_WARN_UNINITIALIZED_AUTOS = YES_AGGRESSIVE;
				GCC_WARN_UNUSED_FUNCTION = YES;
				GCC_WARN_UNUSED_VARIABLE = YES;
				IPHONEOS_DEPLOYMENT_TARGET = 14.0;
				MTL_ENABLE_DEBUG_INFO = INCLUDE_SOURCE;
				MTL_FAST_MATH = YES;
				ONLY_ACTIVE_ARCH = YES;
				SDKROOT = iphoneos;
			};
			name = Debug;
		};
		688E7A7526AC401300C53AAD /* Release */ = {
			isa = XCBuildConfiguration;
			buildSettings = {
				ALWAYS_SEARCH_USER_PATHS = NO;
				CLANG_ANALYZER_NONNULL = YES;
				CLANG_ANALYZER_NUMBER_OBJECT_CONVERSION = YES_AGGRESSIVE;
				CLANG_CXX_LANGUAGE_STANDARD = "gnu++14";
				CLANG_CXX_LIBRARY = "libc++";
				CLANG_ENABLE_MODULES = YES;
				CLANG_ENABLE_OBJC_ARC = YES;
				CLANG_ENABLE_OBJC_WEAK = YES;
				CLANG_WARN_BLOCK_CAPTURE_AUTORELEASING = YES;
				CLANG_WARN_BOOL_CONVERSION = YES;
				CLANG_WARN_COMMA = YES;
				CLANG_WARN_CONSTANT_CONVERSION = YES;
				CLANG_WARN_DEPRECATED_OBJC_IMPLEMENTATIONS = YES;
				CLANG_WARN_DIRECT_OBJC_ISA_USAGE = YES_ERROR;
				CLANG_WARN_DOCUMENTATION_COMMENTS = YES;
				CLANG_WARN_EMPTY_BODY = YES;
				CLANG_WARN_ENUM_CONVERSION = YES;
				CLANG_WARN_INFINITE_RECURSION = YES;
				CLANG_WARN_INT_CONVERSION = YES;
				CLANG_WARN_NON_LITERAL_NULL_CONVERSION = YES;
				CLANG_WARN_OBJC_IMPLICIT_RETAIN_SELF = YES;
				CLANG_WARN_OBJC_LITERAL_CONVERSION = YES;
				CLANG_WARN_OBJC_ROOT_CLASS = YES_ERROR;
				CLANG_WARN_QUOTED_INCLUDE_IN_FRAMEWORK_HEADER = YES;
				CLANG_WARN_RANGE_LOOP_ANALYSIS = YES;
				CLANG_WARN_STRICT_PROTOTYPES = YES;
				CLANG_WARN_SUSPICIOUS_MOVE = YES;
				CLANG_WARN_UNGUARDED_AVAILABILITY = YES_AGGRESSIVE;
				CLANG_WARN_UNREACHABLE_CODE = YES;
				CLANG_WARN__DUPLICATE_METHOD_MATCH = YES;
				COPY_PHASE_STRIP = NO;
				DEBUG_INFORMATION_FORMAT = "dwarf-with-dsym";
				ENABLE_NS_ASSERTIONS = NO;
				ENABLE_STRICT_OBJC_MSGSEND = YES;
				GCC_C_LANGUAGE_STANDARD = gnu11;
				GCC_NO_COMMON_BLOCKS = YES;
				GCC_WARN_64_TO_32_BIT_CONVERSION = YES;
				GCC_WARN_ABOUT_RETURN_TYPE = YES_ERROR;
				GCC_WARN_UNDECLARED_SELECTOR = YES;
				GCC_WARN_UNINITIALIZED_AUTOS = YES_AGGRESSIVE;
				GCC_WARN_UNUSED_FUNCTION = YES;
				GCC_WARN_UNUSED_VARIABLE = YES;
				IPHONEOS_DEPLOYMENT_TARGET = 14.0;
				MTL_ENABLE_DEBUG_INFO = NO;
				MTL_FAST_MATH = YES;
				SDKROOT = iphoneos;
				VALIDATE_PRODUCT = YES;
			};
			name = Release;
		};
		688E7A7726AC401300C53AAD /* Debug */ = {
			isa = XCBuildConfiguration;
			baseConfigurationReference = 2B02037ECC58E7B6B727E0E5 /* Pods-KJNetworkPlugin.debug.xcconfig */;
			buildSettings = {
				ASSETCATALOG_COMPILER_APPICON_NAME = AppIcon;
				ASSETCATALOG_COMPILER_GLOBAL_ACCENT_COLOR_NAME = AccentColor;
				CODE_SIGN_STYLE = Automatic;
				DEVELOPMENT_TEAM = "";
				INFOPLIST_FILE = KJNetworkPlugin/Info.plist;
				IPHONEOS_DEPLOYMENT_TARGET = 14.0;
				LD_RUNPATH_SEARCH_PATHS = (
					"$(inherited)",
					"@executable_path/Frameworks",
				);
				PRODUCT_BUNDLE_IDENTIFIER = com.yangkejun.KJNetworkPlugin;
				PRODUCT_NAME = "$(TARGET_NAME)";
				TARGETED_DEVICE_FAMILY = "1,2";
			};
			name = Debug;
		};
		688E7A7826AC401300C53AAD /* Release */ = {
			isa = XCBuildConfiguration;
			baseConfigurationReference = 39DA7BB0C940C3F9E0468CDD /* Pods-KJNetworkPlugin.release.xcconfig */;
			buildSettings = {
				ASSETCATALOG_COMPILER_APPICON_NAME = AppIcon;
				ASSETCATALOG_COMPILER_GLOBAL_ACCENT_COLOR_NAME = AccentColor;
				CODE_SIGN_STYLE = Automatic;
				DEVELOPMENT_TEAM = "";
				INFOPLIST_FILE = KJNetworkPlugin/Info.plist;
				IPHONEOS_DEPLOYMENT_TARGET = 14.0;
				LD_RUNPATH_SEARCH_PATHS = (
					"$(inherited)",
					"@executable_path/Frameworks",
				);
				PRODUCT_BUNDLE_IDENTIFIER = com.yangkejun.KJNetworkPlugin;
				PRODUCT_NAME = "$(TARGET_NAME)";
				TARGETED_DEVICE_FAMILY = "1,2";
			};
			name = Release;
		};
		688E7A7A26AC401300C53AAD /* Debug */ = {
			isa = XCBuildConfiguration;
			baseConfigurationReference = C1275CACFD3930F2E9D49032 /* Pods-KJNetworkPluginTests.debug.xcconfig */;
			buildSettings = {
				BUNDLE_LOADER = "$(TEST_HOST)";
				CODE_SIGN_IDENTITY = "Apple Development";
				"CODE_SIGN_IDENTITY[sdk=macosx*]" = "Apple Development";
				CODE_SIGN_STYLE = Automatic;
				DEVELOPMENT_TEAM = "";
				INFOPLIST_FILE = KJNetworkPluginTests/Info.plist;
				IPHONEOS_DEPLOYMENT_TARGET = 14.4;
				LD_RUNPATH_SEARCH_PATHS = (
					"$(inherited)",
					"@executable_path/Frameworks",
					"@loader_path/Frameworks",
				);
				PRODUCT_BUNDLE_IDENTIFIER = com.ykj.KJNetworkPluginTests;
				PRODUCT_NAME = "$(TARGET_NAME)";
				PROVISIONING_PROFILE_SPECIFIER = "";
				"PROVISIONING_PROFILE_SPECIFIER[sdk=macosx*]" = "";
				TARGETED_DEVICE_FAMILY = "1,2";
				TEST_HOST = "$(BUILT_PRODUCTS_DIR)/KJNetworkPlugin.app/KJNetworkPlugin";
			};
			name = Debug;
		};
		688E7A7B26AC401300C53AAD /* Release */ = {
			isa = XCBuildConfiguration;
			baseConfigurationReference = F6D1F7AA19B7E043B3F542AD /* Pods-KJNetworkPluginTests.release.xcconfig */;
			buildSettings = {
				BUNDLE_LOADER = "$(TEST_HOST)";
				CODE_SIGN_IDENTITY = "Apple Development";
				"CODE_SIGN_IDENTITY[sdk=macosx*]" = "Apple Development";
				CODE_SIGN_STYLE = Automatic;
				DEVELOPMENT_TEAM = "";
				INFOPLIST_FILE = KJNetworkPluginTests/Info.plist;
				IPHONEOS_DEPLOYMENT_TARGET = 14.4;
				LD_RUNPATH_SEARCH_PATHS = (
					"$(inherited)",
					"@executable_path/Frameworks",
					"@loader_path/Frameworks",
				);
				PRODUCT_BUNDLE_IDENTIFIER = com.ykj.KJNetworkPluginTests;
				PRODUCT_NAME = "$(TARGET_NAME)";
				PROVISIONING_PROFILE_SPECIFIER = "";
				"PROVISIONING_PROFILE_SPECIFIER[sdk=macosx*]" = "";
				TARGETED_DEVICE_FAMILY = "1,2";
				TEST_HOST = "$(BUILT_PRODUCTS_DIR)/KJNetworkPlugin.app/KJNetworkPlugin";
			};
			name = Release;
		};
/* End XCBuildConfiguration section */

/* Begin XCConfigurationList section */
		688E7A4226AC401100C53AAD /* Build configuration list for PBXProject "KJNetworkPlugin" */ = {
			isa = XCConfigurationList;
			buildConfigurations = (
				688E7A7426AC401300C53AAD /* Debug */,
				688E7A7526AC401300C53AAD /* Release */,
			);
			defaultConfigurationIsVisible = 0;
			defaultConfigurationName = Release;
		};
		688E7A7626AC401300C53AAD /* Build configuration list for PBXNativeTarget "KJNetworkPlugin" */ = {
			isa = XCConfigurationList;
			buildConfigurations = (
				688E7A7726AC401300C53AAD /* Debug */,
				688E7A7826AC401300C53AAD /* Release */,
			);
			defaultConfigurationIsVisible = 0;
			defaultConfigurationName = Release;
		};
		688E7A7926AC401300C53AAD /* Build configuration list for PBXNativeTarget "KJNetworkPluginTests" */ = {
			isa = XCConfigurationList;
			buildConfigurations = (
				688E7A7A26AC401300C53AAD /* Debug */,
				688E7A7B26AC401300C53AAD /* Release */,
			);
			defaultConfigurationIsVisible = 0;
			defaultConfigurationName = Release;
		};
/* End XCConfigurationList section */
	};
	rootObject = 688E7A3F26AC401100C53AAD /* Project object */;
}
